
Microsoft Visual Studio Solution File, Format Version 12.00
# Visual Studio Version 16
VisualStudioVersion = 16.0.32802.440
MinimumVisualStudioVersion = 10.0.40219.1
Project("{8BC9CEB8-8B4A-11D0-8D11-00A0C91BC942}") = "PS2PE", "PS2PEIN\PS2PE.vcxproj", "{AC30029A-6503-42EC-B24E-59E4FE09668E}"
	ProjectSection(ProjectDependencies) = postProject
		{76FC4BD2-968B-4673-8388-D18C708C425E} = {76FC4BD2-968B-4673-8388-D18C708C425E}
	EndProjectSection
EndProject
Project("{8BC9CEB8-8B4A-11D0-8D11-00A0C91BC942}") = "PS2PEDLL", "PS2PEDLL\PS2PEDLL.vcxproj", "{76FC4BD2-968B-4673-8388-D18C708C425E}"
EndProject
Global
	GlobalSection(SolutionConfigurationPlatforms) = preSolution
		Debug|Any CPU = Debug|Any CPU
		Debug|x86 = Debug|x86
		Release|Any CPU = Release|Any CPU
		Release|x86 = Release|x86
	EndGlobalSection
	GlobalSection(ProjectConfigurationPlatforms) = postSolution
		{AC30029A-6503-42EC-B24E-59E4FE09668E}.Debug|Any CPU.ActiveCfg = Debug|Win32
		{AC30029A-6503-42EC-B24E-59E4FE09668E}.Debug|Any CPU.Build.0 = Debug|Win32
		{AC30029A-6503-42EC-B24E-59E4FE09668E}.Debug|x86.ActiveCfg = Debug|Win32
		{AC30029A-6503-42EC-B24E-59E4FE09668E}.Debug|x86.Build.0 = Debug|Win32
		{AC30029A-6503-42EC-B24E-59E4FE09668E}.Release|Any CPU.ActiveCfg = Release|Win32
		{AC30029A-6503-42EC-B24E-59E4FE09668E}.Release|Any CPU.Build.0 = Release|Win32
		{AC30029A-6503-42EC-B24E-59E4FE09668E}.Release|x86.ActiveCfg = Release|Win32
		{AC30029A-6503-42EC-B24E-59E4FE09668E}.Release|x86.Build.0 = Release|Win32
		{76FC4BD2-968B-4673-8388-D18C708C425E}.Debug|Any CPU.ActiveCfg = Debug|Win32
		{76FC4BD2-968B-4673-8388-D18C708C425E}.Debug|Any CPU.Build.0 = Debug|Win32
		{76FC4BD2-968B-4673-8388-D18C708C425E}.Debug|x86.ActiveCfg = Debug|Win32
		{76FC4BD2-968B-4673-8388-D18C708C425E}.Debug|x86.Build.0 = Debug|Win32
		{76FC4BD2-968B-4673-8388-D18C708C425E}.Release|Any CPU.ActiveCfg = Release|Win32
		{76FC4BD2-968B-4673-8388-D18C708C425E}.Release|Any CPU.Build.0 = Release|Win32
		{76FC4BD2-968B-4673-8388-D18C708C425E}.Release|x86.ActiveCfg = Release|Win32
		{76FC4BD2-968B-4673-8388-D18C708C425E}.Release|x86.Build.0 = Release|Win32
	EndGlobalSection
	GlobalSection(SolutionProperties) = preSolution
		HideSolutionNode = FALSE
	EndGlobalSection
	GlobalSection(ExtensibilityGlobals) = postSolution
		SolutionGuid = {82D4BFB0-B7D7-4730-899F-760A50BBAE94}
	EndGlobalSection
EndGlobal
