<?xml version="1.0" encoding="utf-8"?>
<Project ToolsVersion="4.0" xmlns="http://schemas.microsoft.com/developer/msbuild/2003">
  <ItemGroup>
    <Filter Include="Source Files">
      <UniqueIdentifier>{4FC737F1-C7A5-4376-A066-2A32D752A2FF}</UniqueIdentifier>
      <Extensions>cpp;c;cc;cxx;c++;cppm;ixx;def;odl;idl;hpj;bat;asm;asmx</Extensions>
    </Filter>
    <Filter Include="Header Files">
      <UniqueIdentifier>{93995380-89BD-4b04-88EB-625FBE52EBFB}</UniqueIdentifier>
      <Extensions>h;hh;hpp;hxx;h++;hm;inl;inc;ipp;xsd</Extensions>
    </Filter>
    <Filter Include="Resource Files">
      <UniqueIdentifier>{67DA6AB6-F800-4c08-8B7A-83BB121AAD01}</UniqueIdentifier>
      <Extensions>rc;ico;cur;bmp;dlg;rc2;rct;bin;rgs;gif;jpg;jpeg;jpe;resx;tiff;tif;png;wav;mfcribbon-ms</Extensions>
    </Filter>
    <Filter Include="Interpreter">
      <UniqueIdentifier>{faf72ad7-2a82-49fe-9871-f937acf3887a}</UniqueIdentifier>
    </Filter>
    <Filter Include="Common">
      <UniqueIdentifier>{a6240f52-f818-4a8f-bed6-7ef13f3cf5e0}</UniqueIdentifier>
    </Filter>
  </ItemGroup>
  <ItemGroup>
    <ClInclude Include="Common\Elf.h">
      <Filter>Header Files</Filter>
    </ClInclude>
    <ClInclude Include="Common\EmuBios.h">
      <Filter>Header Files</Filter>
    </ClInclude>
    <ClInclude Include="Common\EmuDisassembly.h">
      <Filter>Header Files</Filter>
    </ClInclude>
    <ClInclude Include="Common\EmuDma.h">
      <Filter>Header Files</Filter>
    </ClInclude>
    <ClInclude Include="Common\EmuFifo.h">
      <Filter>Header Files</Filter>
    </ClInclude>
    <ClInclude Include="Common\EmuGif.h">
      <Filter>Header Files</Filter>
    </ClInclude>
    <ClInclude Include="Common\EmuGS.h">
      <Filter>Header Files</Filter>
    </ClInclude>
    <ClInclude Include="Common\EmuIntc.h">
      <Filter>Header Files</Filter>
    </ClInclude>
    <ClInclude Include="Common\EmuIpu.h">
      <Filter>Header Files</Filter>
    </ClInclude>
    <ClInclude Include="Common\EmuMain.h">
      <Filter>Header Files</Filter>
    </ClInclude>
    <ClInclude Include="Common\EmuMemory.h">
      <Filter>Header Files</Filter>
    </ClInclude>
    <ClInclude Include="Common\EmuPAD.h">
      <Filter>Header Files</Filter>
    </ClInclude>
    <ClInclude Include="Common\EmuPS2Core.h">
      <Filter>Header Files</Filter>
    </ClInclude>
    <ClInclude Include="Common\EmuRecompiler.h">
      <Filter>Header Files</Filter>
    </ClInclude>
    <ClInclude Include="Common\EmuRecX86.h">
      <Filter>Header Files</Filter>
    </ClInclude>
    <ClInclude Include="Common\EmuSema.h">
      <Filter>Header Files</Filter>
    </ClInclude>
    <ClInclude Include="Common\EmuSif.h">
      <Filter>Header Files</Filter>
    </ClInclude>
    <ClInclude Include="Common\EmuThread.h">
      <Filter>Header Files</Filter>
    </ClInclude>
    <ClInclude Include="Common\EmuTimer.h">
      <Filter>Header Files</Filter>
    </ClInclude>
    <ClInclude Include="Common\EmuVif.h">
      <Filter>Header Files</Filter>
    </ClInclude>
    <ClInclude Include="Common\EmuVU.h">
      <Filter>Header Files</Filter>
    </ClInclude>
    <ClInclude Include="resource.h">
      <Filter>Header Files</Filter>
    </ClInclude>
    <ClInclude Include="StdAfx.h">
      <Filter>Header Files</Filter>
    </ClInclude>
    <ClInclude Include="Common\EmuExecute.h">
      <Filter>Header Files</Filter>
    </ClInclude>
    <ClInclude Include="Common\Interpreter.h">
      <Filter>Interpreter</Filter>
    </ClInclude>
    <ClInclude Include="Common\Memory.h">
      <Filter>Common</Filter>
    </ClInclude>
    <ClInclude Include="Common\Timer.h">
      <Filter>Common</Filter>
    </ClInclude>
    <ClInclude Include="Common\Gif.h">
      <Filter>Common</Filter>
    </ClInclude>
    <ClInclude Include="Common\Dma.h">
      <Filter>Common</Filter>
    </ClInclude>
    <ClInclude Include="Common\Intc.h">
      <Filter>Common</Filter>
    </ClInclude>
    <ClInclude Include="Common\Ipu.h">
      <Filter>Common</Filter>
    </ClInclude>
    <ClInclude Include="Common\Vif.h">
      <Filter>Common</Filter>
    </ClInclude>
    <ClInclude Include="Common\Fifo.h">
      <Filter>Common</Filter>
    </ClInclude>
    <ClInclude Include="Common\Sif.h">
      <Filter>Common</Filter>
    </ClInclude>
    <ClInclude Include="Common\VU.h">
      <Filter>Common</Filter>
    </ClInclude>
    <ClInclude Include="Common\GS.h">
      <Filter>Common</Filter>
    </ClInclude>
    <ClInclude Include="Common\Thread.h">
      <Filter>Common</Filter>
    </ClInclude>
    <ClInclude Include="Common\Sema.h">
      <Filter>Common</Filter>
    </ClInclude>
    <ClInclude Include="Common\PAD.h">
      <Filter>Common</Filter>
    </ClInclude>
    <ClInclude Include="Common\Bios.h">
      <Filter>Common</Filter>
    </ClInclude>
  </ItemGroup>
  <ItemGroup>
    <ClCompile Include="Common\Elf.cpp">
      <Filter>Source Files</Filter>
    </ClCompile>
    <ClCompile Include="Common\EmuBios.cpp">
      <Filter>Source Files</Filter>
    </ClCompile>
    <ClCompile Include="Common\EmuDepend.cpp">
      <Filter>Source Files</Filter>
    </ClCompile>
    <ClCompile Include="Common\EmuDisassembly.cpp">
      <Filter>Source Files</Filter>
    </ClCompile>
    <ClCompile Include="Common\EmuDma.cpp">
      <Filter>Source Files</Filter>
    </ClCompile>
    <ClCompile Include="Common\EmuExecute.cpp">
      <Filter>Source Files</Filter>
    </ClCompile>
    <ClCompile Include="Common\EmuFifo.cpp">
      <Filter>Source Files</Filter>
    </ClCompile>
    <ClCompile Include="Common\EmuGif.cpp">
      <Filter>Source Files</Filter>
    </ClCompile>
    <ClCompile Include="Common\EmuGS.cpp">
      <Filter>Source Files</Filter>
    </ClCompile>
    <ClCompile Include="Common\EmuInstructions.cpp">
      <Filter>Source Files</Filter>
    </ClCompile>
    <ClCompile Include="Common\EmuIntc.cpp">
      <Filter>Source Files</Filter>
    </ClCompile>
    <ClCompile Include="Common\EmuIpu.cpp">
      <Filter>Source Files</Filter>
    </ClCompile>
    <ClCompile Include="Common\EmuMain.cpp">
      <Filter>Source Files</Filter>
    </ClCompile>
    <ClCompile Include="Common\EmuMemory.cpp">
      <Filter>Source Files</Filter>
    </ClCompile>
    <ClCompile Include="Common\EmuPAD.cpp">
      <Filter>Source Files</Filter>
    </ClCompile>
    <ClCompile Include="Common\EmuRecCOP0.cpp">
      <Filter>Source Files</Filter>
    </ClCompile>
    <ClCompile Include="Common\EmuRecCOP1.cpp">
      <Filter>Source Files</Filter>
    </ClCompile>
    <ClCompile Include="Common\EmuRecCore.cpp">
      <Filter>Source Files</Filter>
    </ClCompile>
    <ClCompile Include="Common\EmuRecGeneric.cpp">
      <Filter>Source Files</Filter>
    </ClCompile>
    <ClCompile Include="Common\EmuRecMMI.cpp">
      <Filter>Source Files</Filter>
    </ClCompile>
    <ClCompile Include="Common\EmuRecompiler.cpp">
      <Filter>Source Files</Filter>
    </ClCompile>
    <ClCompile Include="Common\EmuRecRegimm.cpp">
      <Filter>Source Files</Filter>
    </ClCompile>
    <ClCompile Include="Common\EmuRecSpecial.cpp">
      <Filter>Source Files</Filter>
    </ClCompile>
    <ClCompile Include="Common\EmuRecX86.cpp">
      <Filter>Source Files</Filter>
    </ClCompile>
    <ClCompile Include="Common\EmuSema.cpp">
      <Filter>Source Files</Filter>
    </ClCompile>
    <ClCompile Include="Common\EmuSif.cpp">
      <Filter>Source Files</Filter>
    </ClCompile>
    <ClCompile Include="Common\EmuThread.cpp">
      <Filter>Source Files</Filter>
    </ClCompile>
    <ClCompile Include="Common\EmuTimer.cpp">
      <Filter>Source Files</Filter>
    </ClCompile>
    <ClCompile Include="Common\EmuVif.cpp">
      <Filter>Source Files</Filter>
    </ClCompile>
    <ClCompile Include="Common\EmuVU.cpp">
      <Filter>Source Files</Filter>
    </ClCompile>
    <ClCompile Include="PS2PEDLL.cpp">
      <Filter>Source Files</Filter>
    </ClCompile>
    <ClCompile Include="StdAfx.cpp">
      <Filter>Source Files</Filter>
    </ClCompile>
    <ClCompile Include="Common\EmuCop0.cpp">
      <Filter>Source Files</Filter>
    </ClCompile>
    <ClCompile Include="Common\EmuCop1.cpp">
      <Filter>Source Files</Filter>
    </ClCompile>
    <ClCompile Include="Common\EmuCop2.cpp">
      <Filter>Source Files</Filter>
    </ClCompile>
    <ClCompile Include="Common\EmuCore.cpp">
      <Filter>Source Files</Filter>
    </ClCompile>
    <ClCompile Include="Common\EmuMmi.cpp">
      <Filter>Source Files</Filter>
    </ClCompile>
    <ClCompile Include="Common\EmuRegimm.cpp">
      <Filter>Source Files</Filter>
    </ClCompile>
    <ClCompile Include="Common\EmuSpecial.cpp">
      <Filter>Source Files</Filter>
    </ClCompile>
    <ClCompile Include="Common\Interpreter.cpp">
      <Filter>Interpreter</Filter>
    </ClCompile>
    <ClCompile Include="Common\Memory.cpp">
      <Filter>Common</Filter>
    </ClCompile>
    <ClCompile Include="Common\Timer.cpp">
      <Filter>Common</Filter>
    </ClCompile>
    <ClCompile Include="Common\Gif.cpp">
      <Filter>Common</Filter>
    </ClCompile>
    <ClCompile Include="Common\Dma.cpp">
      <Filter>Common</Filter>
    </ClCompile>
    <ClCompile Include="Common\Intc.cpp">
      <Filter>Common</Filter>
    </ClCompile>
    <ClCompile Include="Common\Ipu.cpp">
      <Filter>Common</Filter>
    </ClCompile>
    <ClCompile Include="Common\Vif.cpp">
      <Filter>Common</Filter>
    </ClCompile>
    <ClCompile Include="Common\Fifo.cpp">
      <Filter>Common</Filter>
    </ClCompile>
    <ClCompile Include="Common\Sif.cpp">
      <Filter>Common</Filter>
    </ClCompile>
    <ClCompile Include="Common\VU.cpp">
      <Filter>Common</Filter>
    </ClCompile>
    <ClCompile Include="Common\GS.cpp">
      <Filter>Common</Filter>
    </ClCompile>
    <ClCompile Include="Common\Thread.cpp">
      <Filter>Common</Filter>
    </ClCompile>
    <ClCompile Include="Common\Sema.cpp">
      <Filter>Common</Filter>
    </ClCompile>
    <ClCompile Include="Common\PAD.cpp">
      <Filter>Common</Filter>
    </ClCompile>
    <ClCompile Include="Common\IntExecute.cpp">
      <Filter>Interpreter</Filter>
    </ClCompile>
    <ClCompile Include="Common\IntCore.cpp">
      <Filter>Interpreter</Filter>
    </ClCompile>
    <ClCompile Include="Common\IntSpecial.cpp">
      <Filter>Interpreter</Filter>
    </ClCompile>
    <ClCompile Include="Common\IntRegimm.cpp">
      <Filter>Interpreter</Filter>
    </ClCompile>
    <ClCompile Include="Common\IntCop0.cpp">
      <Filter>Interpreter</Filter>
    </ClCompile>
    <ClCompile Include="Common\IntCop1.cpp">
      <Filter>Interpreter</Filter>
    </ClCompile>
    <ClCompile Include="Common\IntCop2.cpp">
      <Filter>Interpreter</Filter>
    </ClCompile>
    <ClCompile Include="Common\IntMmi.cpp">
      <Filter>Interpreter</Filter>
    </ClCompile>
    <ClCompile Include="Common\Bios.cpp">
      <Filter>Common</Filter>
    </ClCompile>
  </ItemGroup>
  <ItemGroup>
    <None Include="Common\EmuSyscall.inc">
      <Filter>Source Files</Filter>
    </None>
    <None Include="ps2pe.def">
      <Filter>Source Files</Filter>
    </None>
  </ItemGroup>
  <ItemGroup>
    <ResourceCompile Include="ps2pe.rc">
      <Filter>Resource Files</Filter>
    </ResourceCompile>
  </ItemGroup>
</Project>